
Microsoft Visual Studio Solution File, Format Version 12.00
# Visual Studio 15
VisualStudioVersion = 15.0.26124.0
MinimumVisualStudioVersion = 15.0.26124.0
Project("{2150E333-8FDC-42A3-9474-1A3956D46DE8}") = "src", "src", "{8377747F-C71A-4B52-92F6-C418960655F7}"
EndProject
Project("{FAE04EC0-301F-11D3-BF4B-00C04F79EFBC}") = "MathUtils", "src\MathUtils\MathUtils.csproj", "{137A05C4-B1FF-46DC-B4D5-1E37D396C0A2}"
EndProject
Project("{FAE04EC0-301F-11D3-BF4B-00C04F79EFBC}") = "MathUtils.Tests", "src\MathUtils.Tests\MathUtils.Tests.csproj", "{7F915C6E-97CB-4FD9-8E68-E06C5E3E9C1A}"
EndProject
Global
	GlobalSection(SolutionConfigurationPlatforms) = preSolution
		Debug|Any CPU = Debug|Any CPU
		Debug|x64 = Debug|x64
		Debug|x86 = Debug|x86
		Release|Any CPU = Release|Any CPU
		Release|x64 = Release|x64
		Release|x86 = Release|x86
	EndGlobalSection
	GlobalSection(SolutionProperties) = preSolution
		HideSolutionNode = FALSE
	EndGlobalSection
	GlobalSection(ProjectConfigurationPlatforms) = postSolution
		{137A05C4-B1FF-46DC-B4D5-1E37D396C0A2}.Debug|Any CPU.ActiveCfg = Debug|Any CPU
		{137A05C4-B1FF-46DC-B4D5-1E37D396C0A2}.Debug|Any CPU.Build.0 = Debug|Any CPU
		{137A05C4-B1FF-46DC-B4D5-1E37D396C0A2}.Debug|x64.ActiveCfg = Debug|Any CPU
		{137A05C4-B1FF-46DC-B4D5-1E37D396C0A2}.Debug|x64.Build.0 = Debug|Any CPU
		{137A05C4-B1FF-46DC-B4D5-1E37D396C0A2}.Debug|x86.ActiveCfg = Debug|Any CPU
		{137A05C4-B1FF-46DC-B4D5-1E37D396C0A2}.Debug|x86.Build.0 = Debug|Any CPU
		{137A05C4-B1FF-46DC-B4D5-1E37D396C0A2}.Release|Any CPU.ActiveCfg = Release|Any CPU
		{137A05C4-B1FF-46DC-B4D5-1E37D396C0A2}.Release|Any CPU.Build.0 = Release|Any CPU
		{137A05C4-B1FF-46DC-B4D5-1E37D396C0A2}.Release|x64.ActiveCfg = Release|Any CPU
		{137A05C4-B1FF-46DC-B4D5-1E37D396C0A2}.Release|x64.Build.0 = Release|Any CPU
		{137A05C4-B1FF-46DC-B4D5-1E37D396C0A2}.Release|x86.ActiveCfg = Release|Any CPU
		{137A05C4-B1FF-46DC-B4D5-1E37D396C0A2}.Release|x86.Build.0 = Release|Any CPU
		{7F915C6E-97CB-4FD9-8E68-E06C5E3E9C1A}.Debug|Any CPU.ActiveCfg = Debug|Any CPU
		{7F915C6E-97CB-4FD9-8E68-E06C5E3E9C1A}.Debug|Any CPU.Build.0 = Debug|Any CPU
		{7F915C6E-97CB-4FD9-8E68-E06C5E3E9C1A}.Debug|x64.ActiveCfg = Debug|Any CPU
		{7F915C6E-97CB-4FD9-8E68-E06C5E3E9C1A}.Debug|x64.Build.0 = Debug|Any CPU
		{7F915C6E-97CB-4FD9-8E68-E06C5E3E9C1A}.Debug|x86.ActiveCfg = Debug|Any CPU
		{7F915C6E-97CB-4FD9-8E68-E06C5E3E9C1A}.Debug|x86.Build.0 = Debug|Any CPU
		{7F915C6E-97CB-4FD9-8E68-E06C5E3E9C1A}.Release|Any CPU.ActiveCfg = Release|Any CPU
		{7F915C6E-97CB-4FD9-8E68-E06C5E3E9C1A}.Release|Any CPU.Build.0 = Release|Any CPU
		{7F915C6E-97CB-4FD9-8E68-E06C5E3E9C1A}.Release|x64.ActiveCfg = Release|Any CPU
		{7F915C6E-97CB-4FD9-8E68-E06C5E3E9C1A}.Release|x64.Build.0 = Release|Any CPU
		{7F915C6E-97CB-4FD9-8E68-E06C5E3E9C1A}.Release|x86.ActiveCfg = Release|Any CPU
		{7F915C6E-97CB-4FD9-8E68-E06C5E3E9C1A}.Release|x86.Build.0 = Release|Any CPU
	EndGlobalSection
	GlobalSection(NestedProjects) = preSolution
		{137A05C4-B1FF-46DC-B4D5-1E37D396C0A2} = {8377747F-C71A-4B52-92F6-C418960655F7}
		{7F915C6E-97CB-4FD9-8E68-E06C5E3E9C1A} = {8377747F-C71A-4B52-92F6-C418960655F7}
	EndGlobalSection
EndGlobal
